
Microsoft Visual Studio Solution File, Format Version 12.00
# Visual Studio 15
VisualStudioVersion = 15.0.28307.779
MinimumVisualStudioVersion = 10.0.40219.1
Project("{FAE04EC0-301F-11D3-BF4B-00C04F79EFBC}") = "QLBH_055", "QLBH_055\QLBH_055.csproj", "{CCE6783C-5B28-4FF8-80C9-2220135CD9CE}"
EndProject
Global
	GlobalSection(SolutionConfigurationPlatforms) = preSolution
		Debug|Any CPU = Debug|Any CPU
		Release|Any CPU = Release|Any CPU
	EndGlobalSection
	GlobalSection(ProjectConfigurationPlatforms) = postSolution
		{CCE6783C-5B28-4FF8-80C9-2220135CD9CE}.Debug|Any CPU.ActiveCfg = Debug|Any CPU
		{CCE6783C-5B28-4FF8-80C9-2220135CD9CE}.Debug|Any CPU.Build.0 = Debug|Any CPU
		{CCE6783C-5B28-4FF8-80C9-2220135CD9CE}.Release|Any CPU.ActiveCfg = Release|Any CPU
		{CCE6783C-5B28-4FF8-80C9-2220135CD9CE}.Release|Any CPU.Build.0 = Release|Any CPU
	EndGlobalSection
	GlobalSection(SolutionProperties) = preSolution
		HideSolutionNode = FALSE
	EndGlobalSection
	GlobalSection(ExtensibilityGlobals) = postSolution
		SolutionGuid = {E23655F9-CD0D-4E2D-9988-F53093424F65}
	EndGlobalSection
EndGlobal
